{
  "name": "solace-demo",
  "version": "1.0.0",
  "lockfileVersion": 3,
  "requires": true,
  "packages": {
    "": {
      "name": "solace-demo",
      "version": "1.0.0",
      "license": "ISC",
      "dependencies": {
        "solclientjs": "^10.0.0"
      }
    },
    "node_modules/solclientjs": {
      "version": "10.18.3",
      "resolved": "https://registry.npmjs.org/solclientjs/-/solclientjs-10.18.3.tgz",
      "integrity": "sha512-/5Uh551YAR7Owk7kJ4p4JWROl2T2GwtST0EkSUCwcaAu4OT8BswGxhLf+UIPfeQPZnAPpn3VXon/NXNHseIrpA==",
      "license": "SEE LICENSE IN LICENSE.txt",
      "engines": {
        "node": ">=10.0.0"
      }
    }
  }
}
